
Microsoft Visual Studio Solution File, Format Version 12.00
# Visual Studio Version 16
VisualStudioVersion = 25.0.1704.4
MinimumVisualStudioVersion = 10.0.40219.1
Project("{FAE04EC0-301F-11D3-BF4B-00C04F79EFBC}") = "audio-modifier", "audio-modifier\audio-modifier.csproj", "{93B1021A-DBEF-4E12-B1D1-5A21B291EE24}"
EndProject
Global
	GlobalSection(SolutionConfigurationPlatforms) = preSolution
		Debug|Any CPU = Debug|Any CPU
		Release|Any CPU = Release|Any CPU
	EndGlobalSection
	GlobalSection(ProjectConfigurationPlatforms) = postSolution
		{93B1021A-DBEF-4E12-B1D1-5A21B291EE24}.Debug|Any CPU.ActiveCfg = Debug|Any CPU
		{93B1021A-DBEF-4E12-B1D1-5A21B291EE24}.Debug|Any CPU.Build.0 = Debug|Any CPU
		{93B1021A-DBEF-4E12-B1D1-5A21B291EE24}.Release|Any CPU.ActiveCfg = Release|Any CPU
		{93B1021A-DBEF-4E12-B1D1-5A21B291EE24}.Release|Any CPU.Build.0 = Release|Any CPU
	EndGlobalSection
	GlobalSection(SolutionProperties) = preSolution
		HideSolutionNode = FALSE
	EndGlobalSection
	GlobalSection(ExtensibilityGlobals) = postSolution
		SolutionGuid = {0F4A9540-35CB-4166-8C8A-DDFBC71CA142}
	EndGlobalSection
EndGlobal
